
Microsoft Visual Studio Solution File, Format Version 12.00
# Visual Studio Version 16
VisualStudioVersion = 16.0.31424.327
MinimumVisualStudioVersion = 10.0.40219.1
Project("{FAE04EC0-301F-11D3-BF4B-00C04F79EFBC}") = "SecurityCodeScanner", "SecurityCodeScanner\SecurityCodeScanner.csproj", "{7F887A66-212F-4776-8170-6453AB7C1300}"
EndProject
Global
	GlobalSection(SolutionConfigurationPlatforms) = preSolution
		Debug|Any CPU = Debug|Any CPU
		Release|Any CPU = Release|Any CPU
	EndGlobalSection
	GlobalSection(ProjectConfigurationPlatforms) = postSolution
		{7F887A66-212F-4776-8170-6453AB7C1300}.Debug|Any CPU.ActiveCfg = Debug|Any CPU
		{7F887A66-212F-4776-8170-6453AB7C1300}.Debug|Any CPU.Build.0 = Debug|Any CPU
		{7F887A66-212F-4776-8170-6453AB7C1300}.Release|Any CPU.ActiveCfg = Release|Any CPU
		{7F887A66-212F-4776-8170-6453AB7C1300}.Release|Any CPU.Build.0 = Release|Any CPU
	EndGlobalSection
	GlobalSection(SolutionProperties) = preSolution
		HideSolutionNode = FALSE
	EndGlobalSection
	GlobalSection(ExtensibilityGlobals) = postSolution
		SolutionGuid = {F2CF1B06-FC3C-494A-83FF-EEADAB50A0AE}
	EndGlobalSection
EndGlobal
